PODS:
  - EFFoundation (1.7.1):
    - EFFoundation/Core (= 1.7.1)
  - EFFoundation/Core (1.7.1)

DEPENDENCIES:
  - EFFoundation (from `../`)

EXTERNAL SOURCES:
  EFFoundation:
    :path: "../"

SPEC CHECKSUMS:
  EFFoundation: ed2c626c98307ad4e2df166825b61564c25d7881

PODFILE CHECKSUM: f20825e47e3e8547dffe8af7569358df9b4636cd

COCOAPODS: 1.12.1
