PODS:
  - EFFoundation (6.0.0.1):
    - EFFoundation/Core (= 6.0.0.1)
  - EFFoundation/Core (6.0.0.1)

DEPENDENCIES:
  - EFFoundation (from `../`)

EXTERNAL SOURCES:
  EFFoundation:
    :path: "../"

SPEC CHECKSUMS:
  EFFoundation: 3c1ed07a50c64ee3f76f7982b8291ac8b127010f

PODFILE CHECKSUM: a1863cde97b37c7517483a35c69768c0720851b0

COCOAPODS: 1.16.2
