// !$*UTF8*$!
{
	archiveVersion = 1;
	classes = {
	};
	objectVersion = 46;
	objects = {

/* Begin PBXBuildFile section */
		1254EF77238D36D800890E91 /* Bool+.swift in Sources */ = {isa = PBXBuildFile; fileRef = 1254EF76238D36D800890E91 /* Bool+.swift */; };
		1254EF78238D36D800890E91 /* Bool+.swift in Sources */ = {isa = PBXBuildFile; fileRef = 1254EF76238D36D800890E91 /* Bool+.swift */; };
		1254EF79238D36D800890E91 /* Bool+.swift in Sources */ = {isa = PBXBuildFile; fileRef = 1254EF76238D36D800890E91 /* Bool+.swift */; };
		1254EF7A238D36D800890E91 /* Bool+.swift in Sources */ = {isa = PBXBuildFile; fileRef = 1254EF76238D36D800890E91 /* Bool+.swift */; };
		1254EF7C238D371900890E91 /* Character+.swift in Sources */ = {isa = PBXBuildFile; fileRef = 1254EF7B238D371900890E91 /* Character+.swift */; };
		1254EF7D238D371900890E91 /* Character+.swift in Sources */ = {isa = PBXBuildFile; fileRef = 1254EF7B238D371900890E91 /* Character+.swift */; };
		1254EF7E238D371900890E91 /* Character+.swift in Sources */ = {isa = PBXBuildFile; fileRef = 1254EF7B238D371900890E91 /* Character+.swift */; };
		1254EF7F238D371900890E91 /* Character+.swift in Sources */ = {isa = PBXBuildFile; fileRef = 1254EF7B238D371900890E91 /* Character+.swift */; };
		1254EF81238D384F00890E91 /* Dictionary+.swift in Sources */ = {isa = PBXBuildFile; fileRef = 1254EF80238D384F00890E91 /* Dictionary+.swift */; };
		1254EF82238D384F00890E91 /* Dictionary+.swift in Sources */ = {isa = PBXBuildFile; fileRef = 1254EF80238D384F00890E91 /* Dictionary+.swift */; };
		1254EF83238D384F00890E91 /* Dictionary+.swift in Sources */ = {isa = PBXBuildFile; fileRef = 1254EF80238D384F00890E91 /* Dictionary+.swift */; };
		1254EF84238D384F00890E91 /* Dictionary+.swift in Sources */ = {isa = PBXBuildFile; fileRef = 1254EF80238D384F00890E91 /* Dictionary+.swift */; };
		1258F81F2386F851005FD140 /* CGRect+.swift in Sources */ = {isa = PBXBuildFile; fileRef = 1258F8042386F850005FD140 /* CGRect+.swift */; };
		1258F8202386F851005FD140 /* CGRect+.swift in Sources */ = {isa = PBXBuildFile; fileRef = 1258F8042386F850005FD140 /* CGRect+.swift */; };
		1258F8212386F851005FD140 /* CGRect+.swift in Sources */ = {isa = PBXBuildFile; fileRef = 1258F8042386F850005FD140 /* CGRect+.swift */; };
		1258F8222386F851005FD140 /* CGRect+.swift in Sources */ = {isa = PBXBuildFile; fileRef = 1258F8042386F850005FD140 /* CGRect+.swift */; };
		1258F8232386F851005FD140 /* UIImage+.swift in Sources */ = {isa = PBXBuildFile; fileRef = 1258F8052386F850005FD140 /* UIImage+.swift */; };
		1258F8242386F851005FD140 /* UIImage+.swift in Sources */ = {isa = PBXBuildFile; fileRef = 1258F8052386F850005FD140 /* UIImage+.swift */; };
		1258F8252386F851005FD140 /* UIImage+.swift in Sources */ = {isa = PBXBuildFile; fileRef = 1258F8052386F850005FD140 /* UIImage+.swift */; };
		1258F8262386F851005FD140 /* UIImage+.swift in Sources */ = {isa = PBXBuildFile; fileRef = 1258F8052386F850005FD140 /* UIImage+.swift */; };
		1258F8272386F851005FD140 /* UIControl+.swift in Sources */ = {isa = PBXBuildFile; fileRef = 1258F8062386F850005FD140 /* UIControl+.swift */; };
		1258F8282386F851005FD140 /* UIControl+.swift in Sources */ = {isa = PBXBuildFile; fileRef = 1258F8062386F850005FD140 /* UIControl+.swift */; };
		1258F8292386F851005FD140 /* UIControl+.swift in Sources */ = {isa = PBXBuildFile; fileRef = 1258F8062386F850005FD140 /* UIControl+.swift */; };
		1258F82A2386F851005FD140 /* UIControl+.swift in Sources */ = {isa = PBXBuildFile; fileRef = 1258F8062386F850005FD140 /* UIControl+.swift */; };
		1258F82B2386F851005FD140 /* UINavigationController+.swift in Sources */ = {isa = PBXBuildFile; fileRef = 1258F8072386F850005FD140 /* UINavigationController+.swift */; };
		1258F82C2386F851005FD140 /* UINavigationController+.swift in Sources */ = {isa = PBXBuildFile; fileRef = 1258F8072386F850005FD140 /* UINavigationController+.swift */; };
		1258F82D2386F851005FD140 /* UINavigationController+.swift in Sources */ = {isa = PBXBuildFile; fileRef = 1258F8072386F850005FD140 /* UINavigationController+.swift */; };
		1258F82E2386F851005FD140 /* UINavigationController+.swift in Sources */ = {isa = PBXBuildFile; fileRef = 1258F8072386F850005FD140 /* UINavigationController+.swift */; };
		1258F82F2386F851005FD140 /* UIView+.swift in Sources */ = {isa = PBXBuildFile; fileRef = 1258F8082386F850005FD140 /* UIView+.swift */; };
		1258F8302386F851005FD140 /* UIView+.swift in Sources */ = {isa = PBXBuildFile; fileRef = 1258F8082386F850005FD140 /* UIView+.swift */; };
		1258F8312386F851005FD140 /* UIView+.swift in Sources */ = {isa = PBXBuildFile; fileRef = 1258F8082386F850005FD140 /* UIView+.swift */; };
		1258F8322386F851005FD140 /* UIView+.swift in Sources */ = {isa = PBXBuildFile; fileRef = 1258F8082386F850005FD140 /* UIView+.swift */; };
		1258F8332386F851005FD140 /* Date+.swift in Sources */ = {isa = PBXBuildFile; fileRef = 1258F8092386F850005FD140 /* Date+.swift */; };
		1258F8342386F851005FD140 /* Date+.swift in Sources */ = {isa = PBXBuildFile; fileRef = 1258F8092386F850005FD140 /* Date+.swift */; };
		1258F8352386F851005FD140 /* Date+.swift in Sources */ = {isa = PBXBuildFile; fileRef = 1258F8092386F850005FD140 /* Date+.swift */; };
		1258F8362386F851005FD140 /* Date+.swift in Sources */ = {isa = PBXBuildFile; fileRef = 1258F8092386F850005FD140 /* Date+.swift */; };
		1258F8372386F851005FD140 /* EFFoundation.swift in Sources */ = {isa = PBXBuildFile; fileRef = 1258F80A2386F850005FD140 /* EFFoundation.swift */; };
		1258F8382386F851005FD140 /* EFFoundation.swift in Sources */ = {isa = PBXBuildFile; fileRef = 1258F80A2386F850005FD140 /* EFFoundation.swift */; };
		1258F8392386F851005FD140 /* EFFoundation.swift in Sources */ = {isa = PBXBuildFile; fileRef = 1258F80A2386F850005FD140 /* EFFoundation.swift */; };
		1258F83A2386F851005FD140 /* EFFoundation.swift in Sources */ = {isa = PBXBuildFile; fileRef = 1258F80A2386F850005FD140 /* EFFoundation.swift */; };
		1258F83B2386F851005FD140 /* NSImage+.swift in Sources */ = {isa = PBXBuildFile; fileRef = 1258F80B2386F850005FD140 /* NSImage+.swift */; };
		1258F83C2386F851005FD140 /* NSImage+.swift in Sources */ = {isa = PBXBuildFile; fileRef = 1258F80B2386F850005FD140 /* NSImage+.swift */; };
		1258F83D2386F851005FD140 /* NSImage+.swift in Sources */ = {isa = PBXBuildFile; fileRef = 1258F80B2386F850005FD140 /* NSImage+.swift */; };
		1258F83E2386F851005FD140 /* NSImage+.swift in Sources */ = {isa = PBXBuildFile; fileRef = 1258F80B2386F850005FD140 /* NSImage+.swift */; };
		1258F83F2386F851005FD140 /* BinaryFloatingPoint+.swift in Sources */ = {isa = PBXBuildFile; fileRef = 1258F80C2386F850005FD140 /* BinaryFloatingPoint+.swift */; };
		1258F8402386F851005FD140 /* BinaryFloatingPoint+.swift in Sources */ = {isa = PBXBuildFile; fileRef = 1258F80C2386F850005FD140 /* BinaryFloatingPoint+.swift */; };
		1258F8412386F851005FD140 /* BinaryFloatingPoint+.swift in Sources */ = {isa = PBXBuildFile; fileRef = 1258F80C2386F850005FD140 /* BinaryFloatingPoint+.swift */; };
		1258F8422386F851005FD140 /* BinaryFloatingPoint+.swift in Sources */ = {isa = PBXBuildFile; fileRef = 1258F80C2386F850005FD140 /* BinaryFloatingPoint+.swift */; };
		1258F8432386F851005FD140 /* UITableView+.swift in Sources */ = {isa = PBXBuildFile; fileRef = 1258F80D2386F850005FD140 /* UITableView+.swift */; };
		1258F8442386F851005FD140 /* UITableView+.swift in Sources */ = {isa = PBXBuildFile; fileRef = 1258F80D2386F850005FD140 /* UITableView+.swift */; };
		1258F8452386F851005FD140 /* UITableView+.swift in Sources */ = {isa = PBXBuildFile; fileRef = 1258F80D2386F850005FD140 /* UITableView+.swift */; };
		1258F8462386F851005FD140 /* UITableView+.swift in Sources */ = {isa = PBXBuildFile; fileRef = 1258F80D2386F850005FD140 /* UITableView+.swift */; };
		1258F8472386F851005FD140 /* BinaryInteger+.swift in Sources */ = {isa = PBXBuildFile; fileRef = 1258F80E2386F850005FD140 /* BinaryInteger+.swift */; };
		1258F8482386F851005FD140 /* BinaryInteger+.swift in Sources */ = {isa = PBXBuildFile; fileRef = 1258F80E2386F850005FD140 /* BinaryInteger+.swift */; };
		1258F8492386F851005FD140 /* BinaryInteger+.swift in Sources */ = {isa = PBXBuildFile; fileRef = 1258F80E2386F850005FD140 /* BinaryInteger+.swift */; };
		1258F84A2386F851005FD140 /* BinaryInteger+.swift in Sources */ = {isa = PBXBuildFile; fileRef = 1258F80E2386F850005FD140 /* BinaryInteger+.swift */; };
		1258F84B2386F851005FD140 /* CIColor+.swift in Sources */ = {isa = PBXBuildFile; fileRef = 1258F80F2386F850005FD140 /* CIColor+.swift */; };
		1258F84C2386F851005FD140 /* CIColor+.swift in Sources */ = {isa = PBXBuildFile; fileRef = 1258F80F2386F850005FD140 /* CIColor+.swift */; };
		1258F84D2386F851005FD140 /* CIColor+.swift in Sources */ = {isa = PBXBuildFile; fileRef = 1258F80F2386F850005FD140 /* CIColor+.swift */; };
		1258F84E2386F851005FD140 /* CIColor+.swift in Sources */ = {isa = PBXBuildFile; fileRef = 1258F80F2386F850005FD140 /* CIColor+.swift */; };
		1258F84F2386F851005FD140 /* UIViewController+.swift in Sources */ = {isa = PBXBuildFile; fileRef = 1258F8102386F851005FD140 /* UIViewController+.swift */; };
		1258F8502386F851005FD140 /* UIViewController+.swift in Sources */ = {isa = PBXBuildFile; fileRef = 1258F8102386F851005FD140 /* UIViewController+.swift */; };
		1258F8512386F851005FD140 /* UIViewController+.swift in Sources */ = {isa = PBXBuildFile; fileRef = 1258F8102386F851005FD140 /* UIViewController+.swift */; };
		1258F8522386F851005FD140 /* UIViewController+.swift in Sources */ = {isa = PBXBuildFile; fileRef = 1258F8102386F851005FD140 /* UIViewController+.swift */; };
		1258F8532386F851005FD140 /* UIColor+.swift in Sources */ = {isa = PBXBuildFile; fileRef = 1258F8112386F851005FD140 /* UIColor+.swift */; };
		1258F8542386F851005FD140 /* UIColor+.swift in Sources */ = {isa = PBXBuildFile; fileRef = 1258F8112386F851005FD140 /* UIColor+.swift */; };
		1258F8552386F851005FD140 /* UIColor+.swift in Sources */ = {isa = PBXBuildFile; fileRef = 1258F8112386F851005FD140 /* UIColor+.swift */; };
		1258F8562386F851005FD140 /* UIColor+.swift in Sources */ = {isa = PBXBuildFile; fileRef = 1258F8112386F851005FD140 /* UIColor+.swift */; };
		1258F8572386F851005FD140 /* Array+.swift in Sources */ = {isa = PBXBuildFile; fileRef = 1258F8122386F851005FD140 /* Array+.swift */; };
		1258F8582386F851005FD140 /* Array+.swift in Sources */ = {isa = PBXBuildFile; fileRef = 1258F8122386F851005FD140 /* Array+.swift */; };
		1258F8592386F851005FD140 /* Array+.swift in Sources */ = {isa = PBXBuildFile; fileRef = 1258F8122386F851005FD140 /* Array+.swift */; };
		1258F85A2386F851005FD140 /* Array+.swift in Sources */ = {isa = PBXBuildFile; fileRef = 1258F8122386F851005FD140 /* Array+.swift */; };
		1258F85B2386F851005FD140 /* UIGestureRecognizer+.swift in Sources */ = {isa = PBXBuildFile; fileRef = 1258F8132386F851005FD140 /* UIGestureRecognizer+.swift */; };
		1258F85C2386F851005FD140 /* UIGestureRecognizer+.swift in Sources */ = {isa = PBXBuildFile; fileRef = 1258F8132386F851005FD140 /* UIGestureRecognizer+.swift */; };
		1258F85D2386F851005FD140 /* UIGestureRecognizer+.swift in Sources */ = {isa = PBXBuildFile; fileRef = 1258F8132386F851005FD140 /* UIGestureRecognizer+.swift */; };
		1258F85E2386F851005FD140 /* UIGestureRecognizer+.swift in Sources */ = {isa = PBXBuildFile; fileRef = 1258F8132386F851005FD140 /* UIGestureRecognizer+.swift */; };
		1258F85F2386F851005FD140 /* UIImageView+.swift in Sources */ = {isa = PBXBuildFile; fileRef = 1258F8142386F851005FD140 /* UIImageView+.swift */; };
		1258F8602386F851005FD140 /* UIImageView+.swift in Sources */ = {isa = PBXBuildFile; fileRef = 1258F8142386F851005FD140 /* UIImageView+.swift */; };
		1258F8612386F851005FD140 /* UIImageView+.swift in Sources */ = {isa = PBXBuildFile; fileRef = 1258F8142386F851005FD140 /* UIImageView+.swift */; };
		1258F8622386F851005FD140 /* UIImageView+.swift in Sources */ = {isa = PBXBuildFile; fileRef = 1258F8142386F851005FD140 /* UIImageView+.swift */; };
		1258F8632386F851005FD140 /* UIFont+.swift in Sources */ = {isa = PBXBuildFile; fileRef = 1258F8152386F851005FD140 /* UIFont+.swift */; };
		1258F8642386F851005FD140 /* UIFont+.swift in Sources */ = {isa = PBXBuildFile; fileRef = 1258F8152386F851005FD140 /* UIFont+.swift */; };
		1258F8652386F851005FD140 /* UIFont+.swift in Sources */ = {isa = PBXBuildFile; fileRef = 1258F8152386F851005FD140 /* UIFont+.swift */; };
		1258F8662386F851005FD140 /* UIFont+.swift in Sources */ = {isa = PBXBuildFile; fileRef = 1258F8152386F851005FD140 /* UIFont+.swift */; };
		1258F8672386F851005FD140 /* URL+.swift in Sources */ = {isa = PBXBuildFile; fileRef = 1258F8162386F851005FD140 /* URL+.swift */; };
		1258F8682386F851005FD140 /* URL+.swift in Sources */ = {isa = PBXBuildFile; fileRef = 1258F8162386F851005FD140 /* URL+.swift */; };
		1258F8692386F851005FD140 /* URL+.swift in Sources */ = {isa = PBXBuildFile; fileRef = 1258F8162386F851005FD140 /* URL+.swift */; };
		1258F86A2386F851005FD140 /* URL+.swift in Sources */ = {isa = PBXBuildFile; fileRef = 1258F8162386F851005FD140 /* URL+.swift */; };
		1258F86B2386F851005FD140 /* String+.swift in Sources */ = {isa = PBXBuildFile; fileRef = 1258F8172386F851005FD140 /* String+.swift */; };
		1258F86C2386F851005FD140 /* String+.swift in Sources */ = {isa = PBXBuildFile; fileRef = 1258F8172386F851005FD140 /* String+.swift */; };
		1258F86D2386F851005FD140 /* String+.swift in Sources */ = {isa = PBXBuildFile; fileRef = 1258F8172386F851005FD140 /* String+.swift */; };
		1258F86E2386F851005FD140 /* String+.swift in Sources */ = {isa = PBXBuildFile; fileRef = 1258F8172386F851005FD140 /* String+.swift */; };
		1258F86F2386F851005FD140 /* NSString+.swift in Sources */ = {isa = PBXBuildFile; fileRef = 1258F8182386F851005FD140 /* NSString+.swift */; };
		1258F8702386F851005FD140 /* NSString+.swift in Sources */ = {isa = PBXBuildFile; fileRef = 1258F8182386F851005FD140 /* NSString+.swift */; };
		1258F8712386F851005FD140 /* NSString+.swift in Sources */ = {isa = PBXBuildFile; fileRef = 1258F8182386F851005FD140 /* NSString+.swift */; };
		1258F8722386F851005FD140 /* NSString+.swift in Sources */ = {isa = PBXBuildFile; fileRef = 1258F8182386F851005FD140 /* NSString+.swift */; };
		1258F8732386F851005FD140 /* CGFloat+.swift in Sources */ = {isa = PBXBuildFile; fileRef = 1258F8192386F851005FD140 /* CGFloat+.swift */; };
		1258F8742386F851005FD140 /* CGFloat+.swift in Sources */ = {isa = PBXBuildFile; fileRef = 1258F8192386F851005FD140 /* CGFloat+.swift */; };
		1258F8752386F851005FD140 /* CGFloat+.swift in Sources */ = {isa = PBXBuildFile; fileRef = 1258F8192386F851005FD140 /* CGFloat+.swift */; };
		1258F8762386F851005FD140 /* CGFloat+.swift in Sources */ = {isa = PBXBuildFile; fileRef = 1258F8192386F851005FD140 /* CGFloat+.swift */; };
		1258F8772386F851005FD140 /* CIImage+.swift in Sources */ = {isa = PBXBuildFile; fileRef = 1258F81A2386F851005FD140 /* CIImage+.swift */; };
		1258F8782386F851005FD140 /* CIImage+.swift in Sources */ = {isa = PBXBuildFile; fileRef = 1258F81A2386F851005FD140 /* CIImage+.swift */; };
		1258F8792386F851005FD140 /* CIImage+.swift in Sources */ = {isa = PBXBuildFile; fileRef = 1258F81A2386F851005FD140 /* CIImage+.swift */; };
		1258F87A2386F851005FD140 /* CIImage+.swift in Sources */ = {isa = PBXBuildFile; fileRef = 1258F81A2386F851005FD140 /* CIImage+.swift */; };
		1258F87B2386F851005FD140 /* CGImage.swift in Sources */ = {isa = PBXBuildFile; fileRef = 1258F81B2386F851005FD140 /* CGImage.swift */; };
		1258F87C2386F851005FD140 /* CGImage.swift in Sources */ = {isa = PBXBuildFile; fileRef = 1258F81B2386F851005FD140 /* CGImage.swift */; };
		1258F87D2386F851005FD140 /* CGImage.swift in Sources */ = {isa = PBXBuildFile; fileRef = 1258F81B2386F851005FD140 /* CGImage.swift */; };
		1258F87E2386F851005FD140 /* CGImage.swift in Sources */ = {isa = PBXBuildFile; fileRef = 1258F81B2386F851005FD140 /* CGImage.swift */; };
		1258F87F2386F851005FD140 /* NSColor+.swift in Sources */ = {isa = PBXBuildFile; fileRef = 1258F81C2386F851005FD140 /* NSColor+.swift */; };
		1258F8802386F851005FD140 /* NSColor+.swift in Sources */ = {isa = PBXBuildFile; fileRef = 1258F81C2386F851005FD140 /* NSColor+.swift */; };
		1258F8812386F851005FD140 /* NSColor+.swift in Sources */ = {isa = PBXBuildFile; fileRef = 1258F81C2386F851005FD140 /* NSColor+.swift */; };
		1258F8822386F851005FD140 /* NSColor+.swift in Sources */ = {isa = PBXBuildFile; fileRef = 1258F81C2386F851005FD140 /* NSColor+.swift */; };
		1258F8832386F851005FD140 /* CGSize+.swift in Sources */ = {isa = PBXBuildFile; fileRef = 1258F81D2386F851005FD140 /* CGSize+.swift */; };
		1258F8842386F851005FD140 /* CGSize+.swift in Sources */ = {isa = PBXBuildFile; fileRef = 1258F81D2386F851005FD140 /* CGSize+.swift */; };
		1258F8852386F851005FD140 /* CGSize+.swift in Sources */ = {isa = PBXBuildFile; fileRef = 1258F81D2386F851005FD140 /* CGSize+.swift */; };
		1258F8862386F851005FD140 /* CGSize+.swift in Sources */ = {isa = PBXBuildFile; fileRef = 1258F81D2386F851005FD140 /* CGSize+.swift */; };
		1258F8872386F851005FD140 /* CGColor+.swift in Sources */ = {isa = PBXBuildFile; fileRef = 1258F81E2386F851005FD140 /* CGColor+.swift */; };
		1258F8882386F851005FD140 /* CGColor+.swift in Sources */ = {isa = PBXBuildFile; fileRef = 1258F81E2386F851005FD140 /* CGColor+.swift */; };
		1258F8892386F851005FD140 /* CGColor+.swift in Sources */ = {isa = PBXBuildFile; fileRef = 1258F81E2386F851005FD140 /* CGColor+.swift */; };
		1258F88A2386F851005FD140 /* CGColor+.swift in Sources */ = {isa = PBXBuildFile; fileRef = 1258F81E2386F851005FD140 /* CGColor+.swift */; };
		1261E314238AB99200377DBD /* Comparable+.swift in Sources */ = {isa = PBXBuildFile; fileRef = 1261E313238AB99200377DBD /* Comparable+.swift */; };
		1261E315238AB99200377DBD /* Comparable+.swift in Sources */ = {isa = PBXBuildFile; fileRef = 1261E313238AB99200377DBD /* Comparable+.swift */; };
		1261E316238AB99200377DBD /* Comparable+.swift in Sources */ = {isa = PBXBuildFile; fileRef = 1261E313238AB99200377DBD /* Comparable+.swift */; };
		1261E317238AB99200377DBD /* Comparable+.swift in Sources */ = {isa = PBXBuildFile; fileRef = 1261E313238AB99200377DBD /* Comparable+.swift */; };
		1261E319238ABA6C00377DBD /* UIWindow+.swift in Sources */ = {isa = PBXBuildFile; fileRef = 1261E318238ABA6C00377DBD /* UIWindow+.swift */; };
		1261E31A238ABA6C00377DBD /* UIWindow+.swift in Sources */ = {isa = PBXBuildFile; fileRef = 1261E318238ABA6C00377DBD /* UIWindow+.swift */; };
		1261E31B238ABA6C00377DBD /* UIWindow+.swift in Sources */ = {isa = PBXBuildFile; fileRef = 1261E318238ABA6C00377DBD /* UIWindow+.swift */; };
		1261E31C238ABA6C00377DBD /* UIWindow+.swift in Sources */ = {isa = PBXBuildFile; fileRef = 1261E318238ABA6C00377DBD /* UIWindow+.swift */; };
		1263757F234C86CF00F87737 /* EFFoundation.h in Headers */ = {isa = PBXBuildFile; fileRef = 12637557234C86CD00F87737 /* EFFoundation.h */; settings = {ATTRIBUTES = (Public, ); }; };
		12637580234C86CF00F87737 /* EFFoundation.h in Headers */ = {isa = PBXBuildFile; fileRef = 12637557234C86CD00F87737 /* EFFoundation.h */; settings = {ATTRIBUTES = (Public, ); }; };
		12637581234C86CF00F87737 /* EFFoundation.h in Headers */ = {isa = PBXBuildFile; fileRef = 12637557234C86CD00F87737 /* EFFoundation.h */; settings = {ATTRIBUTES = (Public, ); }; };
		127A5DBA238FB53E009EF2E1 /* LinkedList.swift in Sources */ = {isa = PBXBuildFile; fileRef = 127A5DB4238FB53E009EF2E1 /* LinkedList.swift */; };
		127A5DBB238FB53E009EF2E1 /* LinkedList.swift in Sources */ = {isa = PBXBuildFile; fileRef = 127A5DB4238FB53E009EF2E1 /* LinkedList.swift */; };
		127A5DBC238FB53E009EF2E1 /* LinkedList.swift in Sources */ = {isa = PBXBuildFile; fileRef = 127A5DB4238FB53E009EF2E1 /* LinkedList.swift */; };
		127A5DBD238FB53E009EF2E1 /* LinkedList.swift in Sources */ = {isa = PBXBuildFile; fileRef = 127A5DB4238FB53E009EF2E1 /* LinkedList.swift */; };
		127A5DBE238FB53E009EF2E1 /* Deque.swift in Sources */ = {isa = PBXBuildFile; fileRef = 127A5DB5238FB53E009EF2E1 /* Deque.swift */; };
		127A5DBF238FB53E009EF2E1 /* Deque.swift in Sources */ = {isa = PBXBuildFile; fileRef = 127A5DB5238FB53E009EF2E1 /* Deque.swift */; };
		127A5DC0238FB53E009EF2E1 /* Deque.swift in Sources */ = {isa = PBXBuildFile; fileRef = 127A5DB5238FB53E009EF2E1 /* Deque.swift */; };
		127A5DC1238FB53E009EF2E1 /* Deque.swift in Sources */ = {isa = PBXBuildFile; fileRef = 127A5DB5238FB53E009EF2E1 /* Deque.swift */; };
		127A5DC2238FB53E009EF2E1 /* Stack.swift in Sources */ = {isa = PBXBuildFile; fileRef = 127A5DB6238FB53E009EF2E1 /* Stack.swift */; };
		127A5DC3238FB53E009EF2E1 /* Stack.swift in Sources */ = {isa = PBXBuildFile; fileRef = 127A5DB6238FB53E009EF2E1 /* Stack.swift */; };
		127A5DC4238FB53E009EF2E1 /* Stack.swift in Sources */ = {isa = PBXBuildFile; fileRef = 127A5DB6238FB53E009EF2E1 /* Stack.swift */; };
		127A5DC5238FB53E009EF2E1 /* Stack.swift in Sources */ = {isa = PBXBuildFile; fileRef = 127A5DB6238FB53E009EF2E1 /* Stack.swift */; };
		127A5DC6238FB53E009EF2E1 /* Tree.swift in Sources */ = {isa = PBXBuildFile; fileRef = 127A5DB7238FB53E009EF2E1 /* Tree.swift */; };
		127A5DC7238FB53E009EF2E1 /* Tree.swift in Sources */ = {isa = PBXBuildFile; fileRef = 127A5DB7238FB53E009EF2E1 /* Tree.swift */; };
		127A5DC8238FB53E009EF2E1 /* Tree.swift in Sources */ = {isa = PBXBuildFile; fileRef = 127A5DB7238FB53E009EF2E1 /* Tree.swift */; };
		127A5DC9238FB53E009EF2E1 /* Tree.swift in Sources */ = {isa = PBXBuildFile; fileRef = 127A5DB7238FB53E009EF2E1 /* Tree.swift */; };
		127A5DCA238FB53E009EF2E1 /* BitSet.swift in Sources */ = {isa = PBXBuildFile; fileRef = 127A5DB8238FB53E009EF2E1 /* BitSet.swift */; };
		127A5DCB238FB53E009EF2E1 /* BitSet.swift in Sources */ = {isa = PBXBuildFile; fileRef = 127A5DB8238FB53E009EF2E1 /* BitSet.swift */; };
		127A5DCC238FB53E009EF2E1 /* BitSet.swift in Sources */ = {isa = PBXBuildFile; fileRef = 127A5DB8238FB53E009EF2E1 /* BitSet.swift */; };
		127A5DCD238FB53E009EF2E1 /* BitSet.swift in Sources */ = {isa = PBXBuildFile; fileRef = 127A5DB8238FB53E009EF2E1 /* BitSet.swift */; };
		127A5DCE238FB53E009EF2E1 /* Queue.swift in Sources */ = {isa = PBXBuildFile; fileRef = 127A5DB9238FB53E009EF2E1 /* Queue.swift */; };
		127A5DCF238FB53E009EF2E1 /* Queue.swift in Sources */ = {isa = PBXBuildFile; fileRef = 127A5DB9238FB53E009EF2E1 /* Queue.swift */; };
		127A5DD0238FB53E009EF2E1 /* Queue.swift in Sources */ = {isa = PBXBuildFile; fileRef = 127A5DB9238FB53E009EF2E1 /* Queue.swift */; };
		127A5DD1238FB53E009EF2E1 /* Queue.swift in Sources */ = {isa = PBXBuildFile; fileRef = 127A5DB9238FB53E009EF2E1 /* Queue.swift */; };
/* End PBXBuildFile section */

/* Begin PBXFileReference section */
		1254EF76238D36D800890E91 /* Bool+.swift */ = {isa = PBXFileReference; lastKnownFileType = sourcecode.swift; name = "Bool+.swift"; path = "EFFoundation/Core/Bool+.swift"; sourceTree = "<group>"; };
		1254EF7B238D371900890E91 /* Character+.swift */ = {isa = PBXFileReference; lastKnownFileType = sourcecode.swift; name = "Character+.swift"; path = "EFFoundation/Core/Character+.swift"; sourceTree = "<group>"; };
		1254EF80238D384F00890E91 /* Dictionary+.swift */ = {isa = PBXFileReference; lastKnownFileType = sourcecode.swift; name = "Dictionary+.swift"; path = "EFFoundation/Core/Dictionary+.swift"; sourceTree = "<group>"; };
		1258F8042386F850005FD140 /* CGRect+.swift */ = {isa = PBXFileReference; fileEncoding = 4; lastKnownFileType = sourcecode.swift; name = "CGRect+.swift"; path = "EFFoundation/Core/CGRect+.swift"; sourceTree = "<group>"; };
		1258F8052386F850005FD140 /* UIImage+.swift */ = {isa = PBXFileReference; fileEncoding = 4; lastKnownFileType = sourcecode.swift; name = "UIImage+.swift"; path = "EFFoundation/Core/UIImage+.swift"; sourceTree = "<group>"; };
		1258F8062386F850005FD140 /* UIControl+.swift */ = {isa = PBXFileReference; fileEncoding = 4; lastKnownFileType = sourcecode.swift; name = "UIControl+.swift"; path = "EFFoundation/Core/UIControl+.swift"; sourceTree = "<group>"; };
		1258F8072386F850005FD140 /* UINavigationController+.swift */ = {isa = PBXFileReference; fileEncoding = 4; lastKnownFileType = sourcecode.swift; name = "UINavigationController+.swift"; path = "EFFoundation/Core/UINavigationController+.swift"; sourceTree = "<group>"; };
		1258F8082386F850005FD140 /* UIView+.swift */ = {isa = PBXFileReference; fileEncoding = 4; lastKnownFileType = sourcecode.swift; name = "UIView+.swift"; path = "EFFoundation/Core/UIView+.swift"; sourceTree = "<group>"; };
		1258F8092386F850005FD140 /* Date+.swift */ = {isa = PBXFileReference; fileEncoding = 4; lastKnownFileType = sourcecode.swift; name = "Date+.swift"; path = "EFFoundation/Core/Date+.swift"; sourceTree = "<group>"; };
		1258F80A2386F850005FD140 /* EFFoundation.swift */ = {isa = PBXFileReference; fileEncoding = 4; lastKnownFileType = sourcecode.swift; name = EFFoundation.swift; path = EFFoundation/Core/EFFoundation.swift; sourceTree = "<group>"; };
		1258F80B2386F850005FD140 /* NSImage+.swift */ = {isa = PBXFileReference; fileEncoding = 4; lastKnownFileType = sourcecode.swift; name = "NSImage+.swift"; path = "EFFoundation/Core/NSImage+.swift"; sourceTree = "<group>"; };
		1258F80C2386F850005FD140 /* BinaryFloatingPoint+.swift */ = {isa = PBXFileReference; fileEncoding = 4; lastKnownFileType = sourcecode.swift; name = "BinaryFloatingPoint+.swift"; path = "EFFoundation/Core/BinaryFloatingPoint+.swift"; sourceTree = "<group>"; };
		1258F80D2386F850005FD140 /* UITableView+.swift */ = {isa = PBXFileReference; fileEncoding = 4; lastKnownFileType = sourcecode.swift; name = "UITableView+.swift"; path = "EFFoundation/Core/UITableView+.swift"; sourceTree = "<group>"; };
		1258F80E2386F850005FD140 /* BinaryInteger+.swift */ = {isa = PBXFileReference; fileEncoding = 4; lastKnownFileType = sourcecode.swift; name = "BinaryInteger+.swift"; path = "EFFoundation/Core/BinaryInteger+.swift"; sourceTree = "<group>"; };
		1258F80F2386F850005FD140 /* CIColor+.swift */ = {isa = PBXFileReference; fileEncoding = 4; lastKnownFileType = sourcecode.swift; name = "CIColor+.swift"; path = "EFFoundation/Core/CIColor+.swift"; sourceTree = "<group>"; };
		1258F8102386F851005FD140 /* UIViewController+.swift */ = {isa = PBXFileReference; fileEncoding = 4; lastKnownFileType = sourcecode.swift; name = "UIViewController+.swift"; path = "EFFoundation/Core/UIViewController+.swift"; sourceTree = "<group>"; };
		1258F8112386F851005FD140 /* UIColor+.swift */ = {isa = PBXFileReference; fileEncoding = 4; lastKnownFileType = sourcecode.swift; name = "UIColor+.swift"; path = "EFFoundation/Core/UIColor+.swift"; sourceTree = "<group>"; };
		1258F8122386F851005FD140 /* Array+.swift */ = {isa = PBXFileReference; fileEncoding = 4; lastKnownFileType = sourcecode.swift; name = "Array+.swift"; path = "EFFoundation/Core/Array+.swift"; sourceTree = "<group>"; };
		1258F8132386F851005FD140 /* UIGestureRecognizer+.swift */ = {isa = PBXFileReference; fileEncoding = 4; lastKnownFileType = sourcecode.swift; name = "UIGestureRecognizer+.swift"; path = "EFFoundation/Core/UIGestureRecognizer+.swift"; sourceTree = "<group>"; };
		1258F8142386F851005FD140 /* UIImageView+.swift */ = {isa = PBXFileReference; fileEncoding = 4; lastKnownFileType = sourcecode.swift; name = "UIImageView+.swift"; path = "EFFoundation/Core/UIImageView+.swift"; sourceTree = "<group>"; };
		1258F8152386F851005FD140 /* UIFont+.swift */ = {isa = PBXFileReference; fileEncoding = 4; lastKnownFileType = sourcecode.swift; name = "UIFont+.swift"; path = "EFFoundation/Core/UIFont+.swift"; sourceTree = "<group>"; };
		1258F8162386F851005FD140 /* URL+.swift */ = {isa = PBXFileReference; fileEncoding = 4; lastKnownFileType = sourcecode.swift; name = "URL+.swift"; path = "EFFoundation/Core/URL+.swift"; sourceTree = "<group>"; };
		1258F8172386F851005FD140 /* String+.swift */ = {isa = PBXFileReference; fileEncoding = 4; lastKnownFileType = sourcecode.swift; name = "String+.swift"; path = "EFFoundation/Core/String+.swift"; sourceTree = "<group>"; };
		1258F8182386F851005FD140 /* NSString+.swift */ = {isa = PBXFileReference; fileEncoding = 4; lastKnownFileType = sourcecode.swift; name = "NSString+.swift"; path = "EFFoundation/Core/NSString+.swift"; sourceTree = "<group>"; };
		1258F8192386F851005FD140 /* CGFloat+.swift */ = {isa = PBXFileReference; fileEncoding = 4; lastKnownFileType = sourcecode.swift; name = "CGFloat+.swift"; path = "EFFoundation/Core/CGFloat+.swift"; sourceTree = "<group>"; };
		1258F81A2386F851005FD140 /* CIImage+.swift */ = {isa = PBXFileReference; fileEncoding = 4; lastKnownFileType = sourcecode.swift; name = "CIImage+.swift"; path = "EFFoundation/Core/CIImage+.swift"; sourceTree = "<group>"; };
		1258F81B2386F851005FD140 /* CGImage.swift */ = {isa = PBXFileReference; fileEncoding = 4; lastKnownFileType = sourcecode.swift; name = CGImage.swift; path = EFFoundation/Core/CGImage.swift; sourceTree = "<group>"; };
		1258F81C2386F851005FD140 /* NSColor+.swift */ = {isa = PBXFileReference; fileEncoding = 4; lastKnownFileType = sourcecode.swift; name = "NSColor+.swift"; path = "EFFoundation/Core/NSColor+.swift"; sourceTree = "<group>"; };
		1258F81D2386F851005FD140 /* CGSize+.swift */ = {isa = PBXFileReference; fileEncoding = 4; lastKnownFileType = sourcecode.swift; name = "CGSize+.swift"; path = "EFFoundation/Core/CGSize+.swift"; sourceTree = "<group>"; };
		1258F81E2386F851005FD140 /* CGColor+.swift */ = {isa = PBXFileReference; fileEncoding = 4; lastKnownFileType = sourcecode.swift; name = "CGColor+.swift"; path = "EFFoundation/Core/CGColor+.swift"; sourceTree = "<group>"; };
		1261E313238AB99200377DBD /* Comparable+.swift */ = {isa = PBXFileReference; lastKnownFileType = sourcecode.swift; name = "Comparable+.swift"; path = "EFFoundation/Core/Comparable+.swift"; sourceTree = "<group>"; };
		1261E318238ABA6C00377DBD /* UIWindow+.swift */ = {isa = PBXFileReference; fileEncoding = 4; lastKnownFileType = sourcecode.swift; name = "UIWindow+.swift"; path = "EFFoundation/Core/UIWindow+.swift"; sourceTree = "<group>"; };
		12637557234C86CD00F87737 /* EFFoundation.h */ = {isa = PBXFileReference; fileEncoding = 4; lastKnownFileType = sourcecode.c.h; name = EFFoundation.h; path = EFFoundation/Core/EFFoundation.h; sourceTree = "<group>"; };
		12637561234C86CD00F87737 /* Info-tvOS.plist */ = {isa = PBXFileReference; fileEncoding = 4; lastKnownFileType = text.plist.xml; name = "Info-tvOS.plist"; path = "EFFoundation/Core/Info-tvOS.plist"; sourceTree = "<group>"; };
		1263756B234C86CE00F87737 /* Info.plist */ = {isa = PBXFileReference; fileEncoding = 4; lastKnownFileType = text.plist.xml; name = Info.plist; path = EFFoundation/Core/Info.plist; sourceTree = "<group>"; };
		127A5DB4238FB53E009EF2E1 /* LinkedList.swift */ = {isa = PBXFileReference; fileEncoding = 4; lastKnownFileType = sourcecode.swift; name = LinkedList.swift; path = EFFoundation/Core/Gift/LinkedList.swift; sourceTree = "<group>"; };
		127A5DB5238FB53E009EF2E1 /* Deque.swift */ = {isa = PBXFileReference; fileEncoding = 4; lastKnownFileType = sourcecode.swift; name = Deque.swift; path = EFFoundation/Core/Gift/Deque.swift; sourceTree = "<group>"; };
		127A5DB6238FB53E009EF2E1 /* Stack.swift */ = {isa = PBXFileReference; fileEncoding = 4; lastKnownFileType = sourcecode.swift; name = Stack.swift; path = EFFoundation/Core/Gift/Stack.swift; sourceTree = "<group>"; };
		127A5DB7238FB53E009EF2E1 /* Tree.swift */ = {isa = PBXFileReference; fileEncoding = 4; lastKnownFileType = sourcecode.swift; name = Tree.swift; path = EFFoundation/Core/Gift/Tree.swift; sourceTree = "<group>"; };
		127A5DB8238FB53E009EF2E1 /* BitSet.swift */ = {isa = PBXFileReference; fileEncoding = 4; lastKnownFileType = sourcecode.swift; name = BitSet.swift; path = EFFoundation/Core/Gift/BitSet.swift; sourceTree = "<group>"; };
		127A5DB9238FB53E009EF2E1 /* Queue.swift */ = {isa = PBXFileReference; fileEncoding = 4; lastKnownFileType = sourcecode.swift; name = Queue.swift; path = EFFoundation/Core/Gift/Queue.swift; sourceTree = "<group>"; };
		127F871E1ECF56AC0002B554 /* EFFoundation.podspec */ = {isa = PBXFileReference; fileEncoding = 4; lastKnownFileType = text; path = EFFoundation.podspec; sourceTree = "<group>"; };
		128AD85F20C4075A006CED36 /* README.md */ = {isa = PBXFileReference; lastKnownFileType = net.daringfireball.markdown; path = README.md; sourceTree = "<group>"; };
		4CF626EF1BA7CB3E0011A099 /* EFFoundation.framework */ = {isa = PBXFileReference; explicitFileType = wrapper.framework; includeInIndex = 0; path = EFFoundation.framework; sourceTree = BUILT_PRODUCTS_DIR; };
		4DD67C0B1A5C55C900ED2280 /* EFFoundation.framework */ = {isa = PBXFileReference; explicitFileType = wrapper.framework; includeInIndex = 0; path = EFFoundation.framework; sourceTree = BUILT_PRODUCTS_DIR; };
		5282BCAD1FF38F8100DFB36B /* EFFoundation.framework */ = {isa = PBXFileReference; explicitFileType = wrapper.framework; includeInIndex = 0; path = EFFoundation.framework; sourceTree = BUILT_PRODUCTS_DIR; };
		F8111E3319A95C8B0040E7D1 /* EFFoundation.framework */ = {isa = PBXFileReference; explicitFileType = wrapper.framework; includeInIndex = 0; path = EFFoundation.framework; sourceTree = BUILT_PRODUCTS_DIR; };
/* End PBXFileReference section */

/* Begin PBXFrameworksBuildPhase section */
		4CF626EB1BA7CB3E0011A099 /* Frameworks */ = {
			isa = PBXFrameworksBuildPhase;
			buildActionMask = 2147483647;
			files = (
			);
			runOnlyForDeploymentPostprocessing = 0;
		};
		4DD67C071A5C55C900ED2280 /* Frameworks */ = {
			isa = PBXFrameworksBuildPhase;
			buildActionMask = 2147483647;
			files = (
			);
			runOnlyForDeploymentPostprocessing = 0;
		};
		5282BCA91FF38F8100DFB36B /* Frameworks */ = {
			isa = PBXFrameworksBuildPhase;
			buildActionMask = 2147483647;
			files = (
			);
			runOnlyForDeploymentPostprocessing = 0;
		};
		F8111E2F19A95C8B0040E7D1 /* Frameworks */ = {
			isa = PBXFrameworksBuildPhase;
			buildActionMask = 2147483647;
			files = (
			);
			runOnlyForDeploymentPostprocessing = 0;
		};
/* End PBXFrameworksBuildPhase section */

/* Begin PBXGroup section */
		120AAA7A21932CD300F0783B /* Frameworks */ = {
			isa = PBXGroup;
			children = (
			);
			name = Frameworks;
			sourceTree = "<group>";
		};
		12637552234C867D00F87737 /* Supporting Files */ = {
			isa = PBXGroup;
			children = (
				12637557234C86CD00F87737 /* EFFoundation.h */,
				12637561234C86CD00F87737 /* Info-tvOS.plist */,
				1263756B234C86CE00F87737 /* Info.plist */,
			);
			name = "Supporting Files";
			sourceTree = "<group>";
		};
		12637553234C868100F87737 /* Core */ = {
			isa = PBXGroup;
			children = (
				127A5DB3238FB52B009EF2E1 /* Gift */,
				1258F8122386F851005FD140 /* Array+.swift */,
				1258F80C2386F850005FD140 /* BinaryFloatingPoint+.swift */,
				1258F80E2386F850005FD140 /* BinaryInteger+.swift */,
				1254EF76238D36D800890E91 /* Bool+.swift */,
				1254EF7B238D371900890E91 /* Character+.swift */,
				1258F81E2386F851005FD140 /* CGColor+.swift */,
				1258F8192386F851005FD140 /* CGFloat+.swift */,
				1258F81B2386F851005FD140 /* CGImage.swift */,
				1258F8042386F850005FD140 /* CGRect+.swift */,
				1258F81D2386F851005FD140 /* CGSize+.swift */,
				1258F80F2386F850005FD140 /* CIColor+.swift */,
				1258F81A2386F851005FD140 /* CIImage+.swift */,
				1261E313238AB99200377DBD /* Comparable+.swift */,
				1258F8092386F850005FD140 /* Date+.swift */,
				1254EF80238D384F00890E91 /* Dictionary+.swift */,
				1258F80A2386F850005FD140 /* EFFoundation.swift */,
				1258F81C2386F851005FD140 /* NSColor+.swift */,
				1258F80B2386F850005FD140 /* NSImage+.swift */,
				1258F8182386F851005FD140 /* NSString+.swift */,
				1258F8172386F851005FD140 /* String+.swift */,
				1258F8112386F851005FD140 /* UIColor+.swift */,
				1258F8062386F850005FD140 /* UIControl+.swift */,
				1258F8152386F851005FD140 /* UIFont+.swift */,
				1258F8132386F851005FD140 /* UIGestureRecognizer+.swift */,
				1258F8052386F850005FD140 /* UIImage+.swift */,
				1258F8142386F851005FD140 /* UIImageView+.swift */,
				1258F8072386F850005FD140 /* UINavigationController+.swift */,
				1258F80D2386F850005FD140 /* UITableView+.swift */,
				1258F8162386F851005FD140 /* URL+.swift */,
				1258F8082386F850005FD140 /* UIView+.swift */,
				1258F8102386F851005FD140 /* UIViewController+.swift */,
				1261E318238ABA6C00377DBD /* UIWindow+.swift */,
				12637552234C867D00F87737 /* Supporting Files */,
			);
			name = Core;
			sourceTree = "<group>";
		};
		127A5DB3238FB52B009EF2E1 /* Gift */ = {
			isa = PBXGroup;
			children = (
				127A5DB8238FB53E009EF2E1 /* BitSet.swift */,
				127A5DB5238FB53E009EF2E1 /* Deque.swift */,
				127A5DB4238FB53E009EF2E1 /* LinkedList.swift */,
				127A5DB9238FB53E009EF2E1 /* Queue.swift */,
				127A5DB6238FB53E009EF2E1 /* Stack.swift */,
				127A5DB7238FB53E009EF2E1 /* Tree.swift */,
			);
			name = Gift;
			sourceTree = "<group>";
		};
		F8111E2919A95C8B0040E7D1 = {
			isa = PBXGroup;
			children = (
				128AD85F20C4075A006CED36 /* README.md */,
				127F871E1ECF56AC0002B554 /* EFFoundation.podspec */,
				12637553234C868100F87737 /* Core */,
				F8111E3419A95C8B0040E7D1 /* Products */,
				120AAA7A21932CD300F0783B /* Frameworks */,
			);
			indentWidth = 4;
			sourceTree = "<group>";
			tabWidth = 4;
			usesTabs = 0;
		};
		F8111E3419A95C8B0040E7D1 /* Products */ = {
			isa = PBXGroup;
			children = (
				F8111E3319A95C8B0040E7D1 /* EFFoundation.framework */,
				4DD67C0B1A5C55C900ED2280 /* EFFoundation.framework */,
				4CF626EF1BA7CB3E0011A099 /* EFFoundation.framework */,
				5282BCAD1FF38F8100DFB36B /* EFFoundation.framework */,
			);
			name = Products;
			sourceTree = "<group>";
		};
/* End PBXGroup section */

/* Begin PBXHeadersBuildPhase section */
		4CF626EC1BA7CB3E0011A099 /* Headers */ = {
			isa = PBXHeadersBuildPhase;
			buildActionMask = 2147483647;
			files = (
				12637581234C86CF00F87737 /* EFFoundation.h in Headers */,
			);
			runOnlyForDeploymentPostprocessing = 0;
		};
		4DD67C081A5C55C900ED2280 /* Headers */ = {
			isa = PBXHeadersBuildPhase;
			buildActionMask = 2147483647;
			files = (
				12637580234C86CF00F87737 /* EFFoundation.h in Headers */,
			);
			runOnlyForDeploymentPostprocessing = 0;
		};
		5282BCAA1FF38F8100DFB36B /* Headers */ = {
			isa = PBXHeadersBuildPhase;
			buildActionMask = 2147483647;
			files = (
			);
			runOnlyForDeploymentPostprocessing = 0;
		};
		F8111E3019A95C8B0040E7D1 /* Headers */ = {
			isa = PBXHeadersBuildPhase;
			buildActionMask = 2147483647;
			files = (
				1263757F234C86CF00F87737 /* EFFoundation.h in Headers */,
			);
			runOnlyForDeploymentPostprocessing = 0;
		};
/* End PBXHeadersBuildPhase section */

/* Begin PBXNativeTarget section */
		4CF626EE1BA7CB3E0011A099 /* EFFoundation tvOS */ = {
			isa = PBXNativeTarget;
			buildConfigurationList = 4CF627041BA7CB3E0011A099 /* Build configuration list for PBXNativeTarget "EFFoundation tvOS" */;
			buildPhases = (
				4CF626EA1BA7CB3E0011A099 /* Sources */,
				4CF626EB1BA7CB3E0011A099 /* Frameworks */,
				4CF626EC1BA7CB3E0011A099 /* Headers */,
				4CF626ED1BA7CB3E0011A099 /* Resources */,
			);
			buildRules = (
			);
			dependencies = (
			);
			name = "EFFoundation tvOS";
			productName = "Alamofire tvOS";
			productReference = 4CF626EF1BA7CB3E0011A099 /* EFFoundation.framework */;
			productType = "com.apple.product-type.framework";
		};
		4DD67C0A1A5C55C900ED2280 /* EFFoundation macOS */ = {
			isa = PBXNativeTarget;
			buildConfigurationList = 4DD67C1E1A5C55C900ED2280 /* Build configuration list for PBXNativeTarget "EFFoundation macOS" */;
			buildPhases = (
				4DD67C061A5C55C900ED2280 /* Sources */,
				4DD67C071A5C55C900ED2280 /* Frameworks */,
				4DD67C081A5C55C900ED2280 /* Headers */,
				4DD67C091A5C55C900ED2280 /* Resources */,
			);
			buildRules = (
			);
			dependencies = (
			);
			name = "EFFoundation macOS";
			productName = AlamofireOSX;
			productReference = 4DD67C0B1A5C55C900ED2280 /* EFFoundation.framework */;
			productType = "com.apple.product-type.framework";
		};
		5282BCAC1FF38F8100DFB36B /* EFFoundation watchOS */ = {
			isa = PBXNativeTarget;
			buildConfigurationList = 5282BCB21FF38F8100DFB36B /* Build configuration list for PBXNativeTarget "EFFoundation watchOS" */;
			buildPhases = (
				5282BCA81FF38F8100DFB36B /* Sources */,
				5282BCA91FF38F8100DFB36B /* Frameworks */,
				5282BCAA1FF38F8100DFB36B /* Headers */,
				5282BCAB1FF38F8100DFB36B /* Resources */,
			);
			buildRules = (
			);
			dependencies = (
			);
			name = "EFFoundation watchOS";
			productName = "EFFoundation watchOS";
			productReference = 5282BCAD1FF38F8100DFB36B /* EFFoundation.framework */;
			productType = "com.apple.product-type.framework";
		};
		F8111E3219A95C8B0040E7D1 /* EFFoundation iOS */ = {
			isa = PBXNativeTarget;
			buildConfigurationList = F8111E4619A95C8B0040E7D1 /* Build configuration list for PBXNativeTarget "EFFoundation iOS" */;
			buildPhases = (
				F8111E2E19A95C8B0040E7D1 /* Sources */,
				F8111E2F19A95C8B0040E7D1 /* Frameworks */,
				F8111E3019A95C8B0040E7D1 /* Headers */,
				F8111E3119A95C8B0040E7D1 /* Resources */,
				12D5BA511F3DC9B800CC6A88 /* SwiftLint */,
			);
			buildRules = (
			);
			dependencies = (
			);
			name = "EFFoundation iOS";
			productName = Alamofire;
			productReference = F8111E3319A95C8B0040E7D1 /* EFFoundation.framework */;
			productType = "com.apple.product-type.framework";
		};
/* End PBXNativeTarget section */

/* Begin PBXProject section */
		F8111E2A19A95C8B0040E7D1 /* Project object */ = {
			isa = PBXProject;
			attributes = {
				LastSwiftUpdateCheck = 0700;
				LastUpgradeCheck = 1020;
				ORGANIZATIONNAME = EyreFree;
				TargetAttributes = {
					4CF626EE1BA7CB3E0011A099 = {
						CreatedOnToolsVersion = 7.1;
						LastSwiftMigration = 1120;
						ProvisioningStyle = Automatic;
					};
					4DD67C0A1A5C55C900ED2280 = {
						CreatedOnToolsVersion = 6.1.1;
						LastSwiftMigration = 1120;
						ProvisioningStyle = Automatic;
					};
					5282BCAC1FF38F8100DFB36B = {
						CreatedOnToolsVersion = 9.2;
						LastSwiftMigration = 1120;
						ProvisioningStyle = Automatic;
					};
					F8111E3219A95C8B0040E7D1 = {
						CreatedOnToolsVersion = 6.0;
						LastSwiftMigration = 1120;
						ProvisioningStyle = Automatic;
					};
				};
			};
			buildConfigurationList = F8111E2D19A95C8B0040E7D1 /* Build configuration list for PBXProject "EFFoundation" */;
			compatibilityVersion = "Xcode 3.2";
			developmentRegion = en;
			hasScannedForEncodings = 0;
			knownRegions = (
				en,
				Base,
			);
			mainGroup = F8111E2919A95C8B0040E7D1;
			productRefGroup = F8111E3419A95C8B0040E7D1 /* Products */;
			projectDirPath = "";
			projectRoot = "";
			targets = (
				F8111E3219A95C8B0040E7D1 /* EFFoundation iOS */,
				4DD67C0A1A5C55C900ED2280 /* EFFoundation macOS */,
				4CF626EE1BA7CB3E0011A099 /* EFFoundation tvOS */,
				5282BCAC1FF38F8100DFB36B /* EFFoundation watchOS */,
			);
		};
/* End PBXProject section */

/* Begin PBXResourcesBuildPhase section */
		4CF626ED1BA7CB3E0011A099 /* Resources */ = {
			isa = PBXResourcesBuildPhase;
			buildActionMask = 2147483647;
			files = (
			);
			runOnlyForDeploymentPostprocessing = 0;
		};
		4DD67C091A5C55C900ED2280 /* Resources */ = {
			isa = PBXResourcesBuildPhase;
			buildActionMask = 2147483647;
			files = (
			);
			runOnlyForDeploymentPostprocessing = 0;
		};
		5282BCAB1FF38F8100DFB36B /* Resources */ = {
			isa = PBXResourcesBuildPhase;
			buildActionMask = 2147483647;
			files = (
			);
			runOnlyForDeploymentPostprocessing = 0;
		};
		F8111E3119A95C8B0040E7D1 /* Resources */ = {
			isa = PBXResourcesBuildPhase;
			buildActionMask = 2147483647;
			files = (
			);
			runOnlyForDeploymentPostprocessing = 0;
		};
/* End PBXResourcesBuildPhase section */

/* Begin PBXShellScriptBuildPhase section */
		12D5BA511F3DC9B800CC6A88 /* SwiftLint */ = {
			isa = PBXShellScriptBuildPhase;
			buildActionMask = 2147483647;
			files = (
			);
			inputPaths = (
			);
			name = SwiftLint;
			outputPaths = (
			);
			runOnlyForDeploymentPostprocessing = 0;
			shellPath = /bin/sh;
			shellScript = "#if which swiftlint >/dev/null; then\n#swiftlint\n#else\n#echo \"warning: SwiftLint not installed, download from https://github.com/realm/SwiftLint\"\n#fi";
		};
/* End PBXShellScriptBuildPhase section */

/* Begin PBXSourcesBuildPhase section */
		4CF626EA1BA7CB3E0011A099 /* Sources */ = {
			isa = PBXSourcesBuildPhase;
			buildActionMask = 2147483647;
			files = (
				1258F8492386F851005FD140 /* BinaryInteger+.swift in Sources */,
				1258F83D2386F851005FD140 /* NSImage+.swift in Sources */,
				1258F86D2386F851005FD140 /* String+.swift in Sources */,
				127A5DD0238FB53E009EF2E1 /* Queue.swift in Sources */,
				1258F8292386F851005FD140 /* UIControl+.swift in Sources */,
				1261E31B238ABA6C00377DBD /* UIWindow+.swift in Sources */,
				1258F8752386F851005FD140 /* CGFloat+.swift in Sources */,
				1258F8392386F851005FD140 /* EFFoundation.swift in Sources */,
				1258F8592386F851005FD140 /* Array+.swift in Sources */,
				1258F85D2386F851005FD140 /* UIGestureRecognizer+.swift in Sources */,
				127A5DBC238FB53E009EF2E1 /* LinkedList.swift in Sources */,
				1258F8712386F851005FD140 /* NSString+.swift in Sources */,
				1258F8892386F851005FD140 /* CGColor+.swift in Sources */,
				1258F8612386F851005FD140 /* UIImageView+.swift in Sources */,
				1258F8792386F851005FD140 /* CIImage+.swift in Sources */,
				1254EF83238D384F00890E91 /* Dictionary+.swift in Sources */,
				1258F8452386F851005FD140 /* UITableView+.swift in Sources */,
				127A5DCC238FB53E009EF2E1 /* BitSet.swift in Sources */,
				127A5DC4238FB53E009EF2E1 /* Stack.swift in Sources */,
				1258F82D2386F851005FD140 /* UINavigationController+.swift in Sources */,
				1258F8212386F851005FD140 /* CGRect+.swift in Sources */,
				1258F8652386F851005FD140 /* UIFont+.swift in Sources */,
				1258F84D2386F851005FD140 /* CIColor+.swift in Sources */,
				127A5DC8238FB53E009EF2E1 /* Tree.swift in Sources */,
				127A5DC0238FB53E009EF2E1 /* Deque.swift in Sources */,
				1258F8352386F851005FD140 /* Date+.swift in Sources */,
				1254EF7E238D371900890E91 /* Character+.swift in Sources */,
				1258F8512386F851005FD140 /* UIViewController+.swift in Sources */,
				1258F8252386F851005FD140 /* UIImage+.swift in Sources */,
				1258F8412386F851005FD140 /* BinaryFloatingPoint+.swift in Sources */,
				1258F8312386F851005FD140 /* UIView+.swift in Sources */,
				1261E316238AB99200377DBD /* Comparable+.swift in Sources */,
				1258F87D2386F851005FD140 /* CGImage.swift in Sources */,
				1258F8852386F851005FD140 /* CGSize+.swift in Sources */,
				1258F8812386F851005FD140 /* NSColor+.swift in Sources */,
				1258F8692386F851005FD140 /* URL+.swift in Sources */,
				1258F8552386F851005FD140 /* UIColor+.swift in Sources */,
				1254EF79238D36D800890E91 /* Bool+.swift in Sources */,
			);
			runOnlyForDeploymentPostprocessing = 0;
		};
		4DD67C061A5C55C900ED2280 /* Sources */ = {
			isa = PBXSourcesBuildPhase;
			buildActionMask = 2147483647;
			files = (
				1258F8482386F851005FD140 /* BinaryInteger+.swift in Sources */,
				1258F83C2386F851005FD140 /* NSImage+.swift in Sources */,
				1258F86C2386F851005FD140 /* String+.swift in Sources */,
				127A5DCF238FB53E009EF2E1 /* Queue.swift in Sources */,
				1258F8282386F851005FD140 /* UIControl+.swift in Sources */,
				1261E31A238ABA6C00377DBD /* UIWindow+.swift in Sources */,
				1258F8742386F851005FD140 /* CGFloat+.swift in Sources */,
				1258F8382386F851005FD140 /* EFFoundation.swift in Sources */,
				1258F8582386F851005FD140 /* Array+.swift in Sources */,
				1258F85C2386F851005FD140 /* UIGestureRecognizer+.swift in Sources */,
				127A5DBB238FB53E009EF2E1 /* LinkedList.swift in Sources */,
				1258F8702386F851005FD140 /* NSString+.swift in Sources */,
				1258F8882386F851005FD140 /* CGColor+.swift in Sources */,
				1258F8602386F851005FD140 /* UIImageView+.swift in Sources */,
				1258F8782386F851005FD140 /* CIImage+.swift in Sources */,
				1254EF82238D384F00890E91 /* Dictionary+.swift in Sources */,
				1258F8442386F851005FD140 /* UITableView+.swift in Sources */,
				127A5DCB238FB53E009EF2E1 /* BitSet.swift in Sources */,
				127A5DC3238FB53E009EF2E1 /* Stack.swift in Sources */,
				1258F82C2386F851005FD140 /* UINavigationController+.swift in Sources */,
				1258F8202386F851005FD140 /* CGRect+.swift in Sources */,
				1258F8642386F851005FD140 /* UIFont+.swift in Sources */,
				1258F84C2386F851005FD140 /* CIColor+.swift in Sources */,
				127A5DC7238FB53E009EF2E1 /* Tree.swift in Sources */,
				127A5DBF238FB53E009EF2E1 /* Deque.swift in Sources */,
				1258F8342386F851005FD140 /* Date+.swift in Sources */,
				1254EF7D238D371900890E91 /* Character+.swift in Sources */,
				1258F8502386F851005FD140 /* UIViewController+.swift in Sources */,
				1258F8242386F851005FD140 /* UIImage+.swift in Sources */,
				1258F8402386F851005FD140 /* BinaryFloatingPoint+.swift in Sources */,
				1258F8302386F851005FD140 /* UIView+.swift in Sources */,
				1261E315238AB99200377DBD /* Comparable+.swift in Sources */,
				1258F87C2386F851005FD140 /* CGImage.swift in Sources */,
				1258F8842386F851005FD140 /* CGSize+.swift in Sources */,
				1258F8802386F851005FD140 /* NSColor+.swift in Sources */,
				1258F8682386F851005FD140 /* URL+.swift in Sources */,
				1258F8542386F851005FD140 /* UIColor+.swift in Sources */,
				1254EF78238D36D800890E91 /* Bool+.swift in Sources */,
			);
			runOnlyForDeploymentPostprocessing = 0;
		};
		5282BCA81FF38F8100DFB36B /* Sources */ = {
			isa = PBXSourcesBuildPhase;
			buildActionMask = 2147483647;
			files = (
				1258F84A2386F851005FD140 /* BinaryInteger+.swift in Sources */,
				1258F83E2386F851005FD140 /* NSImage+.swift in Sources */,
				1258F86E2386F851005FD140 /* String+.swift in Sources */,
				127A5DD1238FB53E009EF2E1 /* Queue.swift in Sources */,
				1258F82A2386F851005FD140 /* UIControl+.swift in Sources */,
				1261E31C238ABA6C00377DBD /* UIWindow+.swift in Sources */,
				1258F8762386F851005FD140 /* CGFloat+.swift in Sources */,
				1258F83A2386F851005FD140 /* EFFoundation.swift in Sources */,
				1258F85A2386F851005FD140 /* Array+.swift in Sources */,
				1258F85E2386F851005FD140 /* UIGestureRecognizer+.swift in Sources */,
				127A5DBD238FB53E009EF2E1 /* LinkedList.swift in Sources */,
				1258F8722386F851005FD140 /* NSString+.swift in Sources */,
				1258F88A2386F851005FD140 /* CGColor+.swift in Sources */,
				1258F8622386F851005FD140 /* UIImageView+.swift in Sources */,
				1258F87A2386F851005FD140 /* CIImage+.swift in Sources */,
				1254EF84238D384F00890E91 /* Dictionary+.swift in Sources */,
				1258F8462386F851005FD140 /* UITableView+.swift in Sources */,
				127A5DCD238FB53E009EF2E1 /* BitSet.swift in Sources */,
				127A5DC5238FB53E009EF2E1 /* Stack.swift in Sources */,
				1258F82E2386F851005FD140 /* UINavigationController+.swift in Sources */,
				1258F8222386F851005FD140 /* CGRect+.swift in Sources */,
				1258F8662386F851005FD140 /* UIFont+.swift in Sources */,
				1258F84E2386F851005FD140 /* CIColor+.swift in Sources */,
				127A5DC9238FB53E009EF2E1 /* Tree.swift in Sources */,
				127A5DC1238FB53E009EF2E1 /* Deque.swift in Sources */,
				1258F8362386F851005FD140 /* Date+.swift in Sources */,
				1254EF7F238D371900890E91 /* Character+.swift in Sources */,
				1258F8522386F851005FD140 /* UIViewController+.swift in Sources */,
				1258F8262386F851005FD140 /* UIImage+.swift in Sources */,
				1258F8422386F851005FD140 /* BinaryFloatingPoint+.swift in Sources */,
				1258F8322386F851005FD140 /* UIView+.swift in Sources */,
				1261E317238AB99200377DBD /* Comparable+.swift in Sources */,
				1258F87E2386F851005FD140 /* CGImage.swift in Sources */,
				1258F8862386F851005FD140 /* CGSize+.swift in Sources */,
				1258F8822386F851005FD140 /* NSColor+.swift in Sources */,
				1258F86A2386F851005FD140 /* URL+.swift in Sources */,
				1258F8562386F851005FD140 /* UIColor+.swift in Sources */,
				1254EF7A238D36D800890E91 /* Bool+.swift in Sources */,
			);
			runOnlyForDeploymentPostprocessing = 0;
		};
		F8111E2E19A95C8B0040E7D1 /* Sources */ = {
			isa = PBXSourcesBuildPhase;
			buildActionMask = 2147483647;
			files = (
				1258F8472386F851005FD140 /* BinaryInteger+.swift in Sources */,
				1258F83B2386F851005FD140 /* NSImage+.swift in Sources */,
				1258F86B2386F851005FD140 /* String+.swift in Sources */,
				127A5DCE238FB53E009EF2E1 /* Queue.swift in Sources */,
				1258F8272386F851005FD140 /* UIControl+.swift in Sources */,
				1261E319238ABA6C00377DBD /* UIWindow+.swift in Sources */,
				1258F8732386F851005FD140 /* CGFloat+.swift in Sources */,
				1258F8372386F851005FD140 /* EFFoundation.swift in Sources */,
				1258F8572386F851005FD140 /* Array+.swift in Sources */,
				1258F85B2386F851005FD140 /* UIGestureRecognizer+.swift in Sources */,
				127A5DBA238FB53E009EF2E1 /* LinkedList.swift in Sources */,
				1258F86F2386F851005FD140 /* NSString+.swift in Sources */,
				1258F8872386F851005FD140 /* CGColor+.swift in Sources */,
				1258F85F2386F851005FD140 /* UIImageView+.swift in Sources */,
				1258F8772386F851005FD140 /* CIImage+.swift in Sources */,
				1254EF81238D384F00890E91 /* Dictionary+.swift in Sources */,
				1258F8432386F851005FD140 /* UITableView+.swift in Sources */,
				127A5DCA238FB53E009EF2E1 /* BitSet.swift in Sources */,
				127A5DC2238FB53E009EF2E1 /* Stack.swift in Sources */,
				1258F82B2386F851005FD140 /* UINavigationController+.swift in Sources */,
				1258F81F2386F851005FD140 /* CGRect+.swift in Sources */,
				1258F8632386F851005FD140 /* UIFont+.swift in Sources */,
				1258F84B2386F851005FD140 /* CIColor+.swift in Sources */,
				127A5DC6238FB53E009EF2E1 /* Tree.swift in Sources */,
				127A5DBE238FB53E009EF2E1 /* Deque.swift in Sources */,
				1258F8332386F851005FD140 /* Date+.swift in Sources */,
				1254EF7C238D371900890E91 /* Character+.swift in Sources */,
				1258F84F2386F851005FD140 /* UIViewController+.swift in Sources */,
				1258F8232386F851005FD140 /* UIImage+.swift in Sources */,
				1258F83F2386F851005FD140 /* BinaryFloatingPoint+.swift in Sources */,
				1258F82F2386F851005FD140 /* UIView+.swift in Sources */,
				1261E314238AB99200377DBD /* Comparable+.swift in Sources */,
				1258F87B2386F851005FD140 /* CGImage.swift in Sources */,
				1258F8832386F851005FD140 /* CGSize+.swift in Sources */,
				1258F87F2386F851005FD140 /* NSColor+.swift in Sources */,
				1258F8672386F851005FD140 /* URL+.swift in Sources */,
				1258F8532386F851005FD140 /* UIColor+.swift in Sources */,
				1254EF77238D36D800890E91 /* Bool+.swift in Sources */,
			);
			runOnlyForDeploymentPostprocessing = 0;
		};
/* End PBXSourcesBuildPhase section */

/* Begin XCBuildConfiguration section */
		4CF627001BA7CB3E0011A099 /* Debug */ = {
			isa = XCBuildConfiguration;
			buildSettings = {
				BITCODE_GENERATION_MODE = marker;
				CLANG_ENABLE_MODULES = YES;
				"CODE_SIGN_IDENTITY[sdk=appletvos*]" = "";
				DEFINES_MODULE = YES;
				DEVELOPMENT_TEAM = "";
				DYLIB_COMPATIBILITY_VERSION = 1;
				DYLIB_CURRENT_VERSION = 1;
				DYLIB_INSTALL_NAME_BASE = "@rpath";
				INFOPLIST_FILE = "EFFoundation/Core/Info-tvOS.plist";
				INSTALL_PATH = "$(LOCAL_LIBRARY_DIR)/Frameworks";
				LD_RUNPATH_SEARCH_PATHS = "$(inherited) @executable_path/Frameworks @loader_path/Frameworks";
				PRODUCT_BUNDLE_IDENTIFIER = org.eyrefree.EFFoundation;
				PRODUCT_NAME = EFFoundation;
				PROVISIONING_PROFILE_SPECIFIER = "";
				SDKROOT = appletvos;
				SKIP_INSTALL = YES;
				SWIFT_OPTIMIZATION_LEVEL = "-Onone";
				SWIFT_SWIFT3_OBJC_INFERENCE = Default;
				SWIFT_VERSION = 5.0;
				TARGETED_DEVICE_FAMILY = 3;
			};
			name = Debug;
		};
		4CF627011BA7CB3E0011A099 /* Release */ = {
			isa = XCBuildConfiguration;
			buildSettings = {
				BITCODE_GENERATION_MODE = bitcode;
				CLANG_ENABLE_MODULES = YES;
				"CODE_SIGN_IDENTITY[sdk=appletvos*]" = "";
				DEFINES_MODULE = YES;
				DEVELOPMENT_TEAM = "";
				DYLIB_COMPATIBILITY_VERSION = 1;
				DYLIB_CURRENT_VERSION = 1;
				DYLIB_INSTALL_NAME_BASE = "@rpath";
				INFOPLIST_FILE = "EFFoundation/Core/Info-tvOS.plist";
				INSTALL_PATH = "$(LOCAL_LIBRARY_DIR)/Frameworks";
				LD_RUNPATH_SEARCH_PATHS = "$(inherited) @executable_path/Frameworks @loader_path/Frameworks";
				PRODUCT_BUNDLE_IDENTIFIER = org.eyrefree.EFFoundation;
				PRODUCT_NAME = EFFoundation;
				PROVISIONING_PROFILE_SPECIFIER = "";
				SDKROOT = appletvos;
				SKIP_INSTALL = YES;
				SWIFT_SWIFT3_OBJC_INFERENCE = Default;
				SWIFT_VERSION = 5.0;
				TARGETED_DEVICE_FAMILY = 3;
			};
			name = Release;
		};
		4DD67C1F1A5C55C900ED2280 /* Debug */ = {
			isa = XCBuildConfiguration;
			buildSettings = {
				BITCODE_GENERATION_MODE = marker;
				CLANG_ENABLE_MODULES = YES;
				CODE_SIGN_IDENTITY = "";
				COMBINE_HIDPI_IMAGES = YES;
				DEFINES_MODULE = YES;
				DEVELOPMENT_TEAM = "";
				DYLIB_COMPATIBILITY_VERSION = 1;
				DYLIB_CURRENT_VERSION = 1;
				DYLIB_INSTALL_NAME_BASE = "@rpath";
				FRAMEWORK_VERSION = A;
				GCC_PREPROCESSOR_DEFINITIONS = (
					"DEBUG=1",
					"$(inherited)",
				);
				INFOPLIST_FILE = EFFoundation/Core/Info.plist;
				INSTALL_PATH = "$(LOCAL_LIBRARY_DIR)/Frameworks";
				LD_RUNPATH_SEARCH_PATHS = "$(inherited) @executable_path/../Frameworks @loader_path/Frameworks";
				PRODUCT_BUNDLE_IDENTIFIER = org.eyrefree.EFFoundation;
				PRODUCT_NAME = EFFoundation;
				PROVISIONING_PROFILE_SPECIFIER = "";
				SDKROOT = macosx;
				SKIP_INSTALL = YES;
				SWIFT_OPTIMIZATION_LEVEL = "-Onone";
				SWIFT_VERSION = 5.0;
			};
			name = Debug;
		};
		4DD67C201A5C55C900ED2280 /* Release */ = {
			isa = XCBuildConfiguration;
			buildSettings = {
				BITCODE_GENERATION_MODE = bitcode;
				CLANG_ENABLE_MODULES = YES;
				CODE_SIGN_IDENTITY = "";
				COMBINE_HIDPI_IMAGES = YES;
				DEFINES_MODULE = YES;
				DEVELOPMENT_TEAM = "";
				DYLIB_COMPATIBILITY_VERSION = 1;
				DYLIB_CURRENT_VERSION = 1;
				DYLIB_INSTALL_NAME_BASE = "@rpath";
				FRAMEWORK_VERSION = A;
				INFOPLIST_FILE = EFFoundation/Core/Info.plist;
				INSTALL_PATH = "$(LOCAL_LIBRARY_DIR)/Frameworks";
				LD_RUNPATH_SEARCH_PATHS = "$(inherited) @executable_path/../Frameworks @loader_path/Frameworks";
				PRODUCT_BUNDLE_IDENTIFIER = org.eyrefree.EFFoundation;
				PRODUCT_NAME = EFFoundation;
				PROVISIONING_PROFILE_SPECIFIER = "";
				SDKROOT = macosx;
				SKIP_INSTALL = YES;
				SWIFT_VERSION = 5.0;
			};
			name = Release;
		};
		5282BCB31FF38F8100DFB36B /* Debug */ = {
			isa = XCBuildConfiguration;
			buildSettings = {
				APPLICATION_EXTENSION_API_ONLY = YES;
				CLANG_ANALYZER_NONNULL = YES;
				CLANG_ANALYZER_NUMBER_OBJECT_CONVERSION = YES_AGGRESSIVE;
				CLANG_CXX_LANGUAGE_STANDARD = "gnu++14";
				CLANG_ENABLE_MODULES = YES;
				CLANG_WARN_DOCUMENTATION_COMMENTS = YES;
				CLANG_WARN_UNGUARDED_AVAILABILITY = YES_AGGRESSIVE;
				CODE_SIGN_IDENTITY = "";
				"CODE_SIGN_IDENTITY[sdk=watchos*]" = "iPhone Developer";
				CODE_SIGN_STYLE = Automatic;
				DEFINES_MODULE = YES;
				DEVELOPMENT_TEAM = "";
				DYLIB_COMPATIBILITY_VERSION = 1;
				DYLIB_CURRENT_VERSION = 1;
				DYLIB_INSTALL_NAME_BASE = "@rpath";
				GCC_C_LANGUAGE_STANDARD = gnu11;
				INFOPLIST_FILE = "$(SRCROOT)/EFFoundation/Core/Info.plist";
				INSTALL_PATH = "$(LOCAL_LIBRARY_DIR)/Frameworks";
				LD_RUNPATH_SEARCH_PATHS = "$(inherited) @executable_path/Frameworks @loader_path/Frameworks";
				PRODUCT_BUNDLE_IDENTIFIER = org.eyrefree.EFFoundation;
				PRODUCT_NAME = EFFoundation;
				SDKROOT = watchos;
				SKIP_INSTALL = YES;
				SWIFT_ACTIVE_COMPILATION_CONDITIONS = DEBUG;
				SWIFT_OPTIMIZATION_LEVEL = "-Onone";
				SWIFT_VERSION = 5.0;
				TARGETED_DEVICE_FAMILY = 4;
				WATCHOS_DEPLOYMENT_TARGET = 2.0;
			};
			name = Debug;
		};
		5282BCB41FF38F8100DFB36B /* Release */ = {
			isa = XCBuildConfiguration;
			buildSettings = {
				APPLICATION_EXTENSION_API_ONLY = YES;
				CLANG_ANALYZER_NONNULL = YES;
				CLANG_ANALYZER_NUMBER_OBJECT_CONVERSION = YES_AGGRESSIVE;
				CLANG_CXX_LANGUAGE_STANDARD = "gnu++14";
				CLANG_ENABLE_MODULES = YES;
				CLANG_WARN_DOCUMENTATION_COMMENTS = YES;
				CLANG_WARN_UNGUARDED_AVAILABILITY = YES_AGGRESSIVE;
				CODE_SIGN_IDENTITY = "";
				CODE_SIGN_STYLE = Automatic;
				COPY_PHASE_STRIP = NO;
				DEFINES_MODULE = YES;
				DEVELOPMENT_TEAM = "";
				DYLIB_COMPATIBILITY_VERSION = 1;
				DYLIB_CURRENT_VERSION = 1;
				DYLIB_INSTALL_NAME_BASE = "@rpath";
				GCC_C_LANGUAGE_STANDARD = gnu11;
				INFOPLIST_FILE = "$(SRCROOT)/EFFoundation/Core/Info.plist";
				INSTALL_PATH = "$(LOCAL_LIBRARY_DIR)/Frameworks";
				LD_RUNPATH_SEARCH_PATHS = "$(inherited) @executable_path/Frameworks @loader_path/Frameworks";
				PRODUCT_BUNDLE_IDENTIFIER = org.eyrefree.EFFoundation;
				PRODUCT_NAME = EFFoundation;
				SDKROOT = watchos;
				SKIP_INSTALL = YES;
				SWIFT_VERSION = 5.0;
				TARGETED_DEVICE_FAMILY = 4;
				WATCHOS_DEPLOYMENT_TARGET = 2.0;
			};
			name = Release;
		};
		F8111E4419A95C8B0040E7D1 /* Debug */ = {
			isa = XCBuildConfiguration;
			buildSettings = {
				ALWAYS_SEARCH_USER_PATHS = NO;
				APPLICATION_EXTENSION_API_ONLY = YES;
				CLANG_ANALYZER_LOCALIZABILITY_NONLOCALIZED = YES;
				CLANG_CXX_LANGUAGE_STANDARD = "gnu++0x";
				CLANG_CXX_LIBRARY = "libc++";
				CLANG_ENABLE_MODULES = YES;
				CLANG_ENABLE_OBJC_ARC = YES;
				CLANG_WARN_BLOCK_CAPTURE_AUTORELEASING = YES;
				CLANG_WARN_BOOL_CONVERSION = YES;
				CLANG_WARN_COMMA = YES;
				CLANG_WARN_CONSTANT_CONVERSION = YES;
				CLANG_WARN_DEPRECATED_OBJC_IMPLEMENTATIONS = YES;
				CLANG_WARN_DIRECT_OBJC_ISA_USAGE = YES_ERROR;
				CLANG_WARN_EMPTY_BODY = YES;
				CLANG_WARN_ENUM_CONVERSION = YES;
				CLANG_WARN_INFINITE_RECURSION = YES;
				CLANG_WARN_INT_CONVERSION = YES;
				CLANG_WARN_NON_LITERAL_NULL_CONVERSION = YES;
				CLANG_WARN_OBJC_IMPLICIT_RETAIN_SELF = YES;
				CLANG_WARN_OBJC_LITERAL_CONVERSION = YES;
				CLANG_WARN_OBJC_ROOT_CLASS = YES_ERROR;
				CLANG_WARN_RANGE_LOOP_ANALYSIS = YES;
				CLANG_WARN_STRICT_PROTOTYPES = YES;
				CLANG_WARN_SUSPICIOUS_MOVE = YES;
				CLANG_WARN_UNREACHABLE_CODE = YES;
				CLANG_WARN__DUPLICATE_METHOD_MATCH = YES;
				CODE_SIGN_IDENTITY = "iPhone Developer";
				COPY_PHASE_STRIP = NO;
				CURRENT_PROJECT_VERSION = 1;
				DEBUG_INFORMATION_FORMAT = dwarf;
				ENABLE_STRICT_OBJC_MSGSEND = YES;
				ENABLE_TESTABILITY = YES;
				GCC_C_LANGUAGE_STANDARD = gnu99;
				GCC_DYNAMIC_NO_PIC = NO;
				GCC_NO_COMMON_BLOCKS = YES;
				GCC_OPTIMIZATION_LEVEL = 0;
				GCC_PREPROCESSOR_DEFINITIONS = (
					"DEBUG=1",
					"$(inherited)",
				);
				GCC_SYMBOLS_PRIVATE_EXTERN = NO;
				GCC_WARN_64_TO_32_BIT_CONVERSION = YES;
				GCC_WARN_ABOUT_RETURN_TYPE = YES_ERROR;
				GCC_WARN_UNDECLARED_SELECTOR = YES;
				GCC_WARN_UNINITIALIZED_AUTOS = YES_AGGRESSIVE;
				GCC_WARN_UNUSED_FUNCTION = YES;
				GCC_WARN_UNUSED_VARIABLE = YES;
				IPHONEOS_DEPLOYMENT_TARGET = 8.0;
				MACOSX_DEPLOYMENT_TARGET = 10.10;
				MTL_ENABLE_DEBUG_INFO = YES;
				ONLY_ACTIVE_ARCH = YES;
				SDKROOT = iphoneos;
				SWIFT_OPTIMIZATION_LEVEL = "-Onone";
				SWIFT_VERSION = 5.0;
				TARGETED_DEVICE_FAMILY = "1,2";
				TVOS_DEPLOYMENT_TARGET = 9.0;
				VERSIONING_SYSTEM = "apple-generic";
				VERSION_INFO_PREFIX = "";
				WATCHOS_DEPLOYMENT_TARGET = 2.0;
			};
			name = Debug;
		};
		F8111E4519A95C8B0040E7D1 /* Release */ = {
			isa = XCBuildConfiguration;
			buildSettings = {
				ALWAYS_SEARCH_USER_PATHS = NO;
				APPLICATION_EXTENSION_API_ONLY = YES;
				CLANG_ANALYZER_LOCALIZABILITY_NONLOCALIZED = YES;
				CLANG_CXX_LANGUAGE_STANDARD = "gnu++0x";
				CLANG_CXX_LIBRARY = "libc++";
				CLANG_ENABLE_MODULES = YES;
				CLANG_ENABLE_OBJC_ARC = YES;
				CLANG_WARN_BLOCK_CAPTURE_AUTORELEASING = YES;
				CLANG_WARN_BOOL_CONVERSION = YES;
				CLANG_WARN_COMMA = YES;
				CLANG_WARN_CONSTANT_CONVERSION = YES;
				CLANG_WARN_DEPRECATED_OBJC_IMPLEMENTATIONS = YES;
				CLANG_WARN_DIRECT_OBJC_ISA_USAGE = YES_ERROR;
				CLANG_WARN_EMPTY_BODY = YES;
				CLANG_WARN_ENUM_CONVERSION = YES;
				CLANG_WARN_INFINITE_RECURSION = YES;
				CLANG_WARN_INT_CONVERSION = YES;
				CLANG_WARN_NON_LITERAL_NULL_CONVERSION = YES;
				CLANG_WARN_OBJC_IMPLICIT_RETAIN_SELF = YES;
				CLANG_WARN_OBJC_LITERAL_CONVERSION = YES;
				CLANG_WARN_OBJC_ROOT_CLASS = YES_ERROR;
				CLANG_WARN_RANGE_LOOP_ANALYSIS = YES;
				CLANG_WARN_STRICT_PROTOTYPES = YES;
				CLANG_WARN_SUSPICIOUS_MOVE = YES;
				CLANG_WARN_UNREACHABLE_CODE = YES;
				CLANG_WARN__DUPLICATE_METHOD_MATCH = YES;
				CODE_SIGN_IDENTITY = "iPhone Developer";
				COPY_PHASE_STRIP = YES;
				CURRENT_PROJECT_VERSION = 1;
				DEBUG_INFORMATION_FORMAT = "dwarf-with-dsym";
				ENABLE_NS_ASSERTIONS = NO;
				ENABLE_STRICT_OBJC_MSGSEND = YES;
				GCC_C_LANGUAGE_STANDARD = gnu99;
				GCC_NO_COMMON_BLOCKS = YES;
				GCC_WARN_64_TO_32_BIT_CONVERSION = YES;
				GCC_WARN_ABOUT_RETURN_TYPE = YES_ERROR;
				GCC_WARN_UNDECLARED_SELECTOR = YES;
				GCC_WARN_UNINITIALIZED_AUTOS = YES_AGGRESSIVE;
				GCC_WARN_UNUSED_FUNCTION = YES;
				GCC_WARN_UNUSED_VARIABLE = YES;
				IPHONEOS_DEPLOYMENT_TARGET = 8.0;
				MACOSX_DEPLOYMENT_TARGET = 10.10;
				MTL_ENABLE_DEBUG_INFO = NO;
				SDKROOT = iphoneos;
				SWIFT_OPTIMIZATION_LEVEL = "-Owholemodule";
				SWIFT_VERSION = 5.0;
				TARGETED_DEVICE_FAMILY = "1,2";
				TVOS_DEPLOYMENT_TARGET = 9.0;
				VALIDATE_PRODUCT = YES;
				VERSIONING_SYSTEM = "apple-generic";
				VERSION_INFO_PREFIX = "";
				WATCHOS_DEPLOYMENT_TARGET = 2.0;
			};
			name = Release;
		};
		F8111E4719A95C8B0040E7D1 /* Debug */ = {
			isa = XCBuildConfiguration;
			buildSettings = {
				BITCODE_GENERATION_MODE = marker;
				CLANG_ENABLE_MODULES = YES;
				"CODE_SIGN_IDENTITY[sdk=iphoneos*]" = "";
				DEFINES_MODULE = YES;
				DEVELOPMENT_TEAM = "";
				DYLIB_COMPATIBILITY_VERSION = 1;
				DYLIB_CURRENT_VERSION = 1;
				DYLIB_INSTALL_NAME_BASE = "@rpath";
				INFOPLIST_FILE = EFFoundation/Core/Info.plist;
				INSTALL_PATH = "$(LOCAL_LIBRARY_DIR)/Frameworks";
				LD_RUNPATH_SEARCH_PATHS = "$(inherited) @executable_path/Frameworks @loader_path/Frameworks";
				PRODUCT_BUNDLE_IDENTIFIER = org.eyrefree.EFFoundation;
				PRODUCT_NAME = EFFoundation;
				PROVISIONING_PROFILE_SPECIFIER = "";
				SKIP_INSTALL = YES;
				SWIFT_OPTIMIZATION_LEVEL = "-Onone";
				SWIFT_VERSION = 5.0;
			};
			name = Debug;
		};
		F8111E4819A95C8B0040E7D1 /* Release */ = {
			isa = XCBuildConfiguration;
			buildSettings = {
				BITCODE_GENERATION_MODE = bitcode;
				CLANG_ENABLE_MODULES = YES;
				"CODE_SIGN_IDENTITY[sdk=iphoneos*]" = "";
				DEFINES_MODULE = YES;
				DEVELOPMENT_TEAM = "";
				DYLIB_COMPATIBILITY_VERSION = 1;
				DYLIB_CURRENT_VERSION = 1;
				DYLIB_INSTALL_NAME_BASE = "@rpath";
				INFOPLIST_FILE = EFFoundation/Core/Info.plist;
				INSTALL_PATH = "$(LOCAL_LIBRARY_DIR)/Frameworks";
				LD_RUNPATH_SEARCH_PATHS = "$(inherited) @executable_path/Frameworks @loader_path/Frameworks";
				PRODUCT_BUNDLE_IDENTIFIER = org.eyrefree.EFFoundation;
				PRODUCT_NAME = EFFoundation;
				PROVISIONING_PROFILE_SPECIFIER = "";
				SKIP_INSTALL = YES;
				SWIFT_VERSION = 5.0;
			};
			name = Release;
		};
/* End XCBuildConfiguration section */

/* Begin XCConfigurationList section */
		4CF627041BA7CB3E0011A099 /* Build configuration list for PBXNativeTarget "EFFoundation tvOS" */ = {
			isa = XCConfigurationList;
			buildConfigurations = (
				4CF627001BA7CB3E0011A099 /* Debug */,
				4CF627011BA7CB3E0011A099 /* Release */,
			);
			defaultConfigurationIsVisible = 0;
			defaultConfigurationName = Release;
		};
		4DD67C1E1A5C55C900ED2280 /* Build configuration list for PBXNativeTarget "EFFoundation macOS" */ = {
			isa = XCConfigurationList;
			buildConfigurations = (
				4DD67C1F1A5C55C900ED2280 /* Debug */,
				4DD67C201A5C55C900ED2280 /* Release */,
			);
			defaultConfigurationIsVisible = 0;
			defaultConfigurationName = Release;
		};
		5282BCB21FF38F8100DFB36B /* Build configuration list for PBXNativeTarget "EFFoundation watchOS" */ = {
			isa = XCConfigurationList;
			buildConfigurations = (
				5282BCB31FF38F8100DFB36B /* Debug */,
				5282BCB41FF38F8100DFB36B /* Release */,
			);
			defaultConfigurationIsVisible = 0;
			defaultConfigurationName = Release;
		};
		F8111E2D19A95C8B0040E7D1 /* Build configuration list for PBXProject "EFFoundation" */ = {
			isa = XCConfigurationList;
			buildConfigurations = (
				F8111E4419A95C8B0040E7D1 /* Debug */,
				F8111E4519A95C8B0040E7D1 /* Release */,
			);
			defaultConfigurationIsVisible = 0;
			defaultConfigurationName = Release;
		};
		F8111E4619A95C8B0040E7D1 /* Build configuration list for PBXNativeTarget "EFFoundation iOS" */ = {
			isa = XCConfigurationList;
			buildConfigurations = (
				F8111E4719A95C8B0040E7D1 /* Debug */,
				F8111E4819A95C8B0040E7D1 /* Release */,
			);
			defaultConfigurationIsVisible = 0;
			defaultConfigurationName = Release;
		};
/* End XCConfigurationList section */
	};
	rootObject = F8111E2A19A95C8B0040E7D1 /* Project object */;
}
